
Microsoft Visual Studio Solution File, Format Version 10.00
# Visual Studio 2008
Project("{8BC9CEB8-8B4A-11D0-8D11-00A0C91BC942}") = "googletest", "googletest\googletest.vcproj", "{060BCDF2-BC3B-4EB1-9483-E034A4E991AC}"
EndProject
Project("{8BC9CEB8-8B4A-11D0-8D11-00A0C91BC942}") = "chapterone", "chapterone\chapterone.vcproj", "{EE2906E9-9187-47C0-85E1-0DB76971B1CE}"
EndProject
Project("{8BC9CEB8-8B4A-11D0-8D11-00A0C91BC942}") = "chapterone.tests", "chapterone.tests\chapterone.tests.vcproj", "{0E86D019-8461-4C54-B270-735EEE65364B}"
EndProject
Global
	GlobalSection(SolutionConfigurationPlatforms) = preSolution
		Debug|Win32 = Debug|Win32
		Release|Win32 = Release|Win32
	EndGlobalSection
	GlobalSection(ProjectConfigurationPlatforms) = postSolution
		{060BCDF2-BC3B-4EB1-9483-E034A4E991AC}.Debug|Win32.ActiveCfg = Debug|Win32
		{060BCDF2-BC3B-4EB1-9483-E034A4E991AC}.Debug|Win32.Build.0 = Debug|Win32
		{060BCDF2-BC3B-4EB1-9483-E034A4E991AC}.Release|Win32.ActiveCfg = Release|Win32
		{060BCDF2-BC3B-4EB1-9483-E034A4E991AC}.Release|Win32.Build.0 = Release|Win32
		{EE2906E9-9187-47C0-85E1-0DB76971B1CE}.Debug|Win32.ActiveCfg = Debug|Win32
		{EE2906E9-9187-47C0-85E1-0DB76971B1CE}.Debug|Win32.Build.0 = Debug|Win32
		{EE2906E9-9187-47C0-85E1-0DB76971B1CE}.Release|Win32.ActiveCfg = Release|Win32
		{EE2906E9-9187-47C0-85E1-0DB76971B1CE}.Release|Win32.Build.0 = Release|Win32
		{0E86D019-8461-4C54-B270-735EEE65364B}.Debug|Win32.ActiveCfg = Debug|Win32
		{0E86D019-8461-4C54-B270-735EEE65364B}.Debug|Win32.Build.0 = Debug|Win32
		{0E86D019-8461-4C54-B270-735EEE65364B}.Release|Win32.ActiveCfg = Release|Win32
		{0E86D019-8461-4C54-B270-735EEE65364B}.Release|Win32.Build.0 = Release|Win32
	EndGlobalSection
	GlobalSection(SolutionProperties) = preSolution
		HideSolutionNode = FALSE
	EndGlobalSection
EndGlobal
